PODS:
  - PodTestProj (0.1.0)

DEPENDENCIES:
  - PodTestProj (from `/Users/harshjaiswal/Documents/PodTestProj`)

EXTERNAL SOURCES:
  PodTestProj:
    :path: /Users/harshjaiswal/Documents/PodTestProj

SPEC CHECKSUMS:
  PodTestProj: 98d688267ddf0b2cd21ce9d7ba322ed824d1c105

PODFILE CHECKSUM: c937615e163605d647307739f4b8db5ea4f06fa5

COCOAPODS: 1.0.1
